{
  "requires": true,
  "lockfileVersion": 1,
  "dependencies": {
    "three-dat.gui": {
      "version": "2.0.7",
      "resolved": "https://registry.npmjs.org/three-dat.gui/-/three-dat.gui-2.0.7.tgz",
      "integrity": "sha512-u+uRJF3BxY6O1JnRwjGVNdBvvmyaHG5/92RrvILtZclblAUda0ZcfUOXwWbr+hzPZYgJT5HykayjSyATdBQvUw=="
    }
  }
}
